// !$*UTF8*$!
{
	archiveVersion = 1;
	classes = {
	};
	objectVersion = 46;
	objects = {

/* Begin PBXBuildFile section */
		AA33F85A1EA599980023A0E4 /* AppDelegate.swift in Sources */ = {isa = PBXBuildFile; fileRef = AA33F8591EA599980023A0E4 /* AppDelegate.swift */; };
		AA33F85C1EA599980023A0E4 /* ViewController.swift in Sources */ = {isa = PBXBuildFile; fileRef = AA33F85B1EA599980023A0E4 /* ViewController.swift */; };
		AA33F85F1EA599980023A0E4 /* Main.storyboard in Resources */ = {isa = PBXBuildFile; fileRef = AA33F85D1EA599980023A0E4 /* Main.storyboard */; };
		AA33F8611EA599990023A0E4 /* Assets.xcassets in Resources */ = {isa = PBXBuildFile; fileRef = AA33F8601EA599990023A0E4 /* Assets.xcassets */; };
		AA33F8641EA599990023A0E4 /* LaunchScreen.storyboard in Resources */ = {isa = PBXBuildFile; fileRef = AA33F8621EA599990023A0E4 /* LaunchScreen.storyboard */; };
/* End PBXBuildFile section */

/* Begin PBXFileReference section */
		AA33F8561EA599980023A0E4 /* ProyectTabBar.app */ = {isa = PBXFileReference; explicitFileType = wrapper.application; includeInIndex = 0; path = ProyectTabBar.app; sourceTree = BUILT_PRODUCTS_DIR; };
		AA33F8591EA599980023A0E4 /* AppDelegate.swift */ = {isa = PBXFileReference; lastKnownFileType = sourcecode.swift; path = AppDelegate.swift; sourceTree = "<group>"; };
		AA33F85B1EA599980023A0E4 /* ViewController.swift */ = {isa = PBXFileReference; lastKnownFileType = sourcecode.swift; path = ViewController.swift; sourceTree = "<group>"; };
		AA33F85E1EA599980023A0E4 /* Base */ = {isa = PBXFileReference; lastKnownFileType = file.storyboard; name = Base; path = Base.lproj/Main.storyboard; sourceTree = "<group>"; };
		AA33F8601EA599990023A0E4 /* Assets.xcassets */ = {isa = PBXFileReference; lastKnownFileType = folder.assetcatalog; path = Assets.xcassets; sourceTree = "<group>"; };
		AA33F8631EA599990023A0E4 /* Base */ = {isa = PBXFileReference; lastKnownFileType = file.storyboard; name = Base; path = Base.lproj/LaunchScreen.storyboard; sourceTree = "<group>"; };
		AA33F8651EA599990023A0E4 /* Info.plist */ = {isa = PBXFileReference; lastKnownFileType = text.plist.xml; path = Info.plist; sourceTree = "<group>"; };
/* End PBXFileReference section */

/* Begin PBXFrameworksBuildPhase section */
		AA33F8531EA599980023A0E4 /* Frameworks */ = {
			isa = PBXFrameworksBuildPhase;
			buildActionMask = 2147483647;
			files = (
			);
			runOnlyForDeploymentPostprocessing = 0;
		};
/* End PBXFrameworksBuildPhase section */

/* Begin PBXGroup section */
		AA33F84D1EA599980023A0E4 = {
			isa = PBXGroup;
			children = (
				AA33F8581EA599980023A0E4 /* ProyectTabBar */,
				AA33F8571EA599980023A0E4 /* Products */,
			);
			sourceTree = "<group>";
		};
		AA33F8571EA599980023A0E4 /* Products */ = {
			isa = PBXGroup;
			children = (
				AA33F8561EA599980023A0E4 /* ProyectTabBar.app */,
			);
			name = Products;
			sourceTree = "<group>";
		};
		AA33F8581EA599980023A0E4 /* ProyectTabBar */ = {
			isa = PBXGroup;
			children = (
				AA33F8591EA599980023A0E4 /* AppDelegate.swift */,
				AA33F85B1EA599980023A0E4 /* ViewController.swift */,
				AA33F85D1EA599980023A0E4 /* Main.storyboard */,
				AA33F8601EA599990023A0E4 /* Assets.xcassets */,
				AA33F8621EA599990023A0E4 /* LaunchScreen.storyboard */,
				AA33F8651EA599990023A0E4 /* Info.plist */,
			);
			path = ProyectTabBar;
			sourceTree = "<group>";
		};
/* End PBXGroup section */

/* Begin PBXNativeTarget section */
		AA33F8551EA599980023A0E4 /* ProyectTabBar */ = {
			isa = PBXNativeTarget;
			buildConfigurationList = AA33F8681EA599990023A0E4 /* Build configuration list for PBXNativeTarget "ProyectTabBar" */;
			buildPhases = (
				AA33F8521EA599980023A0E4 /* Sources */,
				AA33F8531EA599980023A0E4 /* Frameworks */,
				AA33F8541EA599980023A0E4 /* Resources */,
			);
			buildRules = (
			);
			dependencies = (
			);
			name = ProyectTabBar;
			productName = ProyectTabBar;
			productReference = AA33F8561EA599980023A0E4 /* ProyectTabBar.app */;
			productType = "com.apple.product-type.application";
		};
/* End PBXNativeTarget section */

/* Begin PBXProject section */
		AA33F84E1EA599980023A0E4 /* Project object */ = {
			isa = PBXProject;
			attributes = {
				LastSwiftUpdateCheck = 0830;
				LastUpgradeCheck = 0830;
				ORGANIZATIONNAME = "David Velarde";
				TargetAttributes = {
					AA33F8551EA599980023A0E4 = {
						CreatedOnToolsVersion = 8.3.1;
						DevelopmentTeam = XJY6K7P63P;
						ProvisioningStyle = Automatic;
					};
				};
			};
			buildConfigurationList = AA33F8511EA599980023A0E4 /* Build configuration list for PBXProject "ProyectTabBar" */;
			compatibilityVersion = "Xcode 3.2";
			developmentRegion = English;
			hasScannedForEncodings = 0;
			knownRegions = (
				en,
				Base,
			);
			mainGroup = AA33F84D1EA599980023A0E4;
			productRefGroup = AA33F8571EA599980023A0E4 /* Products */;
			projectDirPath = "";
			projectRoot = "";
			targets = (
				AA33F8551EA599980023A0E4 /* ProyectTabBar */,
			);
		};
/* End PBXProject section */

/* Begin PBXResourcesBuildPhase section */
		AA33F8541EA599980023A0E4 /* Resources */ = {
			isa = PBXResourcesBuildPhase;
			buildActionMask = 2147483647;
			files = (
				AA33F8641EA599990023A0E4 /* LaunchScreen.storyboard in Resources */,
				AA33F8611EA599990023A0E4 /* Assets.xcassets in Resources */,
				AA33F85F1EA599980023A0E4 /* Main.storyboard in Resources */,
			);
			runOnlyForDeploymentPostprocessing = 0;
		};
/* End PBXResourcesBuildPhase section */

/* Begin PBXSourcesBuildPhase section */
		AA33F8521EA599980023A0E4 /* Sources */ = {
			isa = PBXSourcesBuildPhase;
			buildActionMask = 2147483647;
			files = (
				AA33F85C1EA599980023A0E4 /* ViewController.swift in Sources */,
				AA33F85A1EA599980023A0E4 /* AppDelegate.swift in Sources */,
			);
			runOnlyForDeploymentPostprocessing = 0;
		};
/* End PBXSourcesBuildPhase section */

/* Begin PBXVariantGroup section */
		AA33F85D1EA599980023A0E4 /* Main.storyboard */ = {
			isa = PBXVariantGroup;
			children = (
				AA33F85E1EA599980023A0E4 /* Base */,
			);
			name = Main.storyboard;
			sourceTree = "<group>";
		};
		AA33F8621EA599990023A0E4 /* LaunchScreen.storyboard */ = {
			isa = PBXVariantGroup;
			children = (
				AA33F8631EA599990023A0E4 /* Base */,
			);
			name = LaunchScreen.storyboard;
			sourceTree = "<group>";
		};
/* End PBXVariantGroup section */

/* Begin XCBuildConfiguration section */
		AA33F8661EA599990023A0E4 /* Debug */ = {
			isa = XCBuildConfiguration;
			buildSettings = {
				ALWAYS_SEARCH_USER_PATHS = NO;
				CLANG_ANALYZER_NONNULL = YES;
				CLANG_ANALYZER_NUMBER_OBJECT_CONVERSION = YES_AGGRESSIVE;
				CLANG_CXX_LANGUAGE_STANDARD = "gnu++0x";
				CLANG_CXX_LIBRARY = "libc++";
				CLANG_ENABLE_MODULES = YES;
				CLANG_ENABLE_OBJC_ARC = YES;
				CLANG_WARN_BOOL_CONVERSION = YES;
				CLANG_WARN_CONSTANT_CONVERSION = YES;
				CLANG_WARN_DIRECT_OBJC_ISA_USAGE = YES_ERROR;
				CLANG_WARN_DOCUMENTATION_COMMENTS = YES;
				CLANG_WARN_EMPTY_BODY = YES;
				CLANG_WARN_ENUM_CONVERSION = YES;
				CLANG_WARN_INFINITE_RECURSION = YES;
				CLANG_WARN_INT_CONVERSION = YES;
				CLANG_WARN_OBJC_ROOT_CLASS = YES_ERROR;
				CLANG_WARN_SUSPICIOUS_MOVE = YES;
				CLANG_WARN_UNREACHABLE_CODE = YES;
				CLANG_WARN__DUPLICATE_METHOD_MATCH = YES;
				"CODE_SIGN_IDENTITY[sdk=iphoneos*]" = "iPhone Developer";
				COPY_PHASE_STRIP = NO;
				DEBUG_INFORMATION_FORMAT = dwarf;
				ENABLE_STRICT_OBJC_MSGSEND = YES;
				ENABLE_TESTABILITY = YES;
				GCC_C_LANGUAGE_STANDARD = gnu99;
				GCC_DYNAMIC_NO_PIC = NO;
				GCC_NO_COMMON_BLOCKS = YES;
				GCC_OPTIMIZATION_LEVEL = 0;
				GCC_PREPROCESSOR_DEFINITIONS = (
					"DEBUG=1",
					"$(inherited)",
				);
				GCC_WARN_64_TO_32_BIT_CONVERSION = YES;
				GCC_WARN_ABOUT_RETURN_TYPE = YES_ERROR;
				GCC_WARN_UNDECLARED_SELECTOR = YES;
				GCC_WARN_UNINITIALIZED_AUTOS = YES_AGGRESSIVE;
				GCC_WARN_UNUSED_FUNCTION = YES;
				GCC_WARN_UNUSED_VARIABLE = YES;
				IPHONEOS_DEPLOYMENT_TARGET = 10.3;
				MTL_ENABLE_DEBUG_INFO = YES;
				ONLY_ACTIVE_ARCH = YES;
				SDKROOT = iphoneos;
				SWIFT_ACTIVE_COMPILATION_CONDITIONS = DEBUG;
				SWIFT_OPTIMIZATION_LEVEL = "-Onone";
			};
			name = Debug;
		};
		AA33F8671EA599990023A0E4 /* Release */ = {
			isa = XCBuildConfiguration;
			buildSettings = {
				ALWAYS_SEARCH_USER_PATHS = NO;
				CLANG_ANALYZER_NONNULL = YES;
				CLANG_ANALYZER_NUMBER_OBJECT_CONVERSION = YES_AGGRESSIVE;
				CLANG_CXX_LANGUAGE_STANDARD = "gnu++0x";
				CLANG_CXX_LIBRARY = "libc++";
				CLANG_ENABLE_MODULES = YES;
				CLANG_ENABLE_OBJC_ARC = YES;
				CLANG_WARN_BOOL_CONVERSION = YES;
				CLANG_WARN_CONSTANT_CONVERSION = YES;
				CLANG_WARN_DIRECT_OBJC_ISA_USAGE = YES_ERROR;
				CLANG_WARN_DOCUMENTATION_COMMENTS = YES;
				CLANG_WARN_EMPTY_BODY = YES;
				CLANG_WARN_ENUM_CONVERSION = YES;
				CLANG_WARN_INFINITE_RECURSION = YES;
				CLANG_WARN_INT_CONVERSION = YES;
				CLANG_WARN_OBJC_ROOT_CLASS = YES_ERROR;
				CLANG_WARN_SUSPICIOUS_MOVE = YES;
				CLANG_WARN_UNREACHABLE_CODE = YES;
				CLANG_WARN__DUPLICATE_METHOD_MATCH = YES;
				"CODE_SIGN_IDENTITY[sdk=iphoneos*]" = "iPhone Developer";
				COPY_PHASE_STRIP = NO;
				DEBUG_INFORMATION_FORMAT = "dwarf-with-dsym";
				ENABLE_NS_ASSERTIONS = NO;
				ENABLE_STRICT_OBJC_MSGSEND = YES;
				GCC_C_LANGUAGE_STANDARD = gnu99;
				GCC_NO_COMMON_BLOCKS = YES;
				GCC_WARN_64_TO_32_BIT_CONVERSION = YES;
				GCC_WARN_ABOUT_RETURN_TYPE = YES_ERROR;
				GCC_WARN_UNDECLARED_SELECTOR = YES;
				GCC_WARN_UNINITIALIZED_AUTOS = YES_AGGRESSIVE;
				GCC_WARN_UNUSED_FUNCTION = YES;
				GCC_WARN_UNUSED_VARIABLE = YES;
				IPHONEOS_DEPLOYMENT_TARGET = 10.3;
				MTL_ENABLE_DEBUG_INFO = NO;
				SDKROOT = iphoneos;
				SWIFT_OPTIMIZATION_LEVEL = "-Owholemodule";
				VALIDATE_PRODUCT = YES;
			};
			name = Release;
		};
		AA33F8691EA599990023A0E4 /* Debug */ = {
			isa = XCBuildConfiguration;
			buildSettings = {
				ASSETCATALOG_COMPILER_APPICON_NAME = AppIcon;
				DEVELOPMENT_TEAM = XJY6K7P63P;
				INFOPLIST_FILE = ProyectTabBar/Info.plist;
				LD_RUNPATH_SEARCH_PATHS = "$(inherited) @executable_path/Frameworks";
				PRODUCT_BUNDLE_IDENTIFIER = com.davidvpe.ProyectTabBar;
				PRODUCT_NAME = "$(TARGET_NAME)";
				SWIFT_VERSION = 3.0;
			};
			name = Debug;
		};
		AA33F86A1EA599990023A0E4 /* Release */ = {
			isa = XCBuildConfiguration;
			buildSettings = {
				ASSETCATALOG_COMPILER_APPICON_NAME = AppIcon;
				DEVELOPMENT_TEAM = XJY6K7P63P;
				INFOPLIST_FILE = ProyectTabBar/Info.plist;
				LD_RUNPATH_SEARCH_PATHS = "$(inherited) @executable_path/Frameworks";
				PRODUCT_BUNDLE_IDENTIFIER = com.davidvpe.ProyectTabBar;
				PRODUCT_NAME = "$(TARGET_NAME)";
				SWIFT_VERSION = 3.0;
			};
			name = Release;
		};
/* End XCBuildConfiguration section */

/* Begin XCConfigurationList section */
		AA33F8511EA599980023A0E4 /* Build configuration list for PBXProject "ProyectTabBar" */ = {
			isa = XCConfigurationList;
			buildConfigurations = (
				AA33F8661EA599990023A0E4 /* Debug */,
				AA33F8671EA599990023A0E4 /* Release */,
			);
			defaultConfigurationIsVisible = 0;
			defaultConfigurationName = Release;
		};
		AA33F8681EA599990023A0E4 /* Build configuration list for PBXNativeTarget "ProyectTabBar" */ = {
			isa = XCConfigurationList;
			buildConfigurations = (
				AA33F8691EA599990023A0E4 /* Debug */,
				AA33F86A1EA599990023A0E4 /* Release */,
			);
			defaultConfigurationIsVisible = 0;
		};
/* End XCConfigurationList section */
	};
	rootObject = AA33F84E1EA599980023A0E4 /* Project object */;
}
