// !$*UTF8*$!
{
	archiveVersion = 1;
	classes = {
	};
	objectVersion = 46;
	objects = {

/* Begin PBXBuildFile section */
		AAA5578C1EA58CA5009AF21C /* AppDelegate.swift in Sources */ = {isa = PBXBuildFile; fileRef = AAA5578B1EA58CA5009AF21C /* AppDelegate.swift */; };
		AAA5578E1EA58CA5009AF21C /* ViewController.swift in Sources */ = {isa = PBXBuildFile; fileRef = AAA5578D1EA58CA5009AF21C /* ViewController.swift */; };
		AAA557911EA58CA5009AF21C /* Main.storyboard in Resources */ = {isa = PBXBuildFile; fileRef = AAA5578F1EA58CA5009AF21C /* Main.storyboard */; };
		AAA557931EA58CA5009AF21C /* Assets.xcassets in Resources */ = {isa = PBXBuildFile; fileRef = AAA557921EA58CA5009AF21C /* Assets.xcassets */; };
		AAA557961EA58CA5009AF21C /* LaunchScreen.storyboard in Resources */ = {isa = PBXBuildFile; fileRef = AAA557941EA58CA5009AF21C /* LaunchScreen.storyboard */; };
/* End PBXBuildFile section */

/* Begin PBXFileReference section */
		AAA557881EA58CA5009AF21C /* ProyectoNavigation.app */ = {isa = PBXFileReference; explicitFileType = wrapper.application; includeInIndex = 0; path = ProyectoNavigation.app; sourceTree = BUILT_PRODUCTS_DIR; };
		AAA5578B1EA58CA5009AF21C /* AppDelegate.swift */ = {isa = PBXFileReference; lastKnownFileType = sourcecode.swift; path = AppDelegate.swift; sourceTree = "<group>"; };
		AAA5578D1EA58CA5009AF21C /* ViewController.swift */ = {isa = PBXFileReference; lastKnownFileType = sourcecode.swift; path = ViewController.swift; sourceTree = "<group>"; };
		AAA557901EA58CA5009AF21C /* Base */ = {isa = PBXFileReference; lastKnownFileType = file.storyboard; name = Base; path = Base.lproj/Main.storyboard; sourceTree = "<group>"; };
		AAA557921EA58CA5009AF21C /* Assets.xcassets */ = {isa = PBXFileReference; lastKnownFileType = folder.assetcatalog; path = Assets.xcassets; sourceTree = "<group>"; };
		AAA557951EA58CA5009AF21C /* Base */ = {isa = PBXFileReference; lastKnownFileType = file.storyboard; name = Base; path = Base.lproj/LaunchScreen.storyboard; sourceTree = "<group>"; };
		AAA557971EA58CA5009AF21C /* Info.plist */ = {isa = PBXFileReference; lastKnownFileType = text.plist.xml; path = Info.plist; sourceTree = "<group>"; };
/* End PBXFileReference section */

/* Begin PBXFrameworksBuildPhase section */
		AAA557851EA58CA5009AF21C /* Frameworks */ = {
			isa = PBXFrameworksBuildPhase;
			buildActionMask = 2147483647;
			files = (
			);
			runOnlyForDeploymentPostprocessing = 0;
		};
/* End PBXFrameworksBuildPhase section */

/* Begin PBXGroup section */
		AAA5577F1EA58CA5009AF21C = {
			isa = PBXGroup;
			children = (
				AAA5578A1EA58CA5009AF21C /* ProyectoNavigation */,
				AAA557891EA58CA5009AF21C /* Products */,
			);
			sourceTree = "<group>";
		};
		AAA557891EA58CA5009AF21C /* Products */ = {
			isa = PBXGroup;
			children = (
				AAA557881EA58CA5009AF21C /* ProyectoNavigation.app */,
			);
			name = Products;
			sourceTree = "<group>";
		};
		AAA5578A1EA58CA5009AF21C /* ProyectoNavigation */ = {
			isa = PBXGroup;
			children = (
				AAA5578B1EA58CA5009AF21C /* AppDelegate.swift */,
				AAA5578D1EA58CA5009AF21C /* ViewController.swift */,
				AAA5578F1EA58CA5009AF21C /* Main.storyboard */,
				AAA557921EA58CA5009AF21C /* Assets.xcassets */,
				AAA557941EA58CA5009AF21C /* LaunchScreen.storyboard */,
				AAA557971EA58CA5009AF21C /* Info.plist */,
			);
			path = ProyectoNavigation;
			sourceTree = "<group>";
		};
/* End PBXGroup section */

/* Begin PBXNativeTarget section */
		AAA557871EA58CA5009AF21C /* ProyectoNavigation */ = {
			isa = PBXNativeTarget;
			buildConfigurationList = AAA5579A1EA58CA5009AF21C /* Build configuration list for PBXNativeTarget "ProyectoNavigation" */;
			buildPhases = (
				AAA557841EA58CA5009AF21C /* Sources */,
				AAA557851EA58CA5009AF21C /* Frameworks */,
				AAA557861EA58CA5009AF21C /* Resources */,
			);
			buildRules = (
			);
			dependencies = (
			);
			name = ProyectoNavigation;
			productName = ProyectoNavigation;
			productReference = AAA557881EA58CA5009AF21C /* ProyectoNavigation.app */;
			productType = "com.apple.product-type.application";
		};
/* End PBXNativeTarget section */

/* Begin PBXProject section */
		AAA557801EA58CA5009AF21C /* Project object */ = {
			isa = PBXProject;
			attributes = {
				LastSwiftUpdateCheck = 0830;
				LastUpgradeCheck = 0830;
				ORGANIZATIONNAME = "David Velarde";
				TargetAttributes = {
					AAA557871EA58CA5009AF21C = {
						CreatedOnToolsVersion = 8.3.1;
						DevelopmentTeam = XJY6K7P63P;
						ProvisioningStyle = Automatic;
					};
				};
			};
			buildConfigurationList = AAA557831EA58CA5009AF21C /* Build configuration list for PBXProject "ProyectoNavigation" */;
			compatibilityVersion = "Xcode 3.2";
			developmentRegion = English;
			hasScannedForEncodings = 0;
			knownRegions = (
				en,
				Base,
			);
			mainGroup = AAA5577F1EA58CA5009AF21C;
			productRefGroup = AAA557891EA58CA5009AF21C /* Products */;
			projectDirPath = "";
			projectRoot = "";
			targets = (
				AAA557871EA58CA5009AF21C /* ProyectoNavigation */,
			);
		};
/* End PBXProject section */

/* Begin PBXResourcesBuildPhase section */
		AAA557861EA58CA5009AF21C /* Resources */ = {
			isa = PBXResourcesBuildPhase;
			buildActionMask = 2147483647;
			files = (
				AAA557961EA58CA5009AF21C /* LaunchScreen.storyboard in Resources */,
				AAA557931EA58CA5009AF21C /* Assets.xcassets in Resources */,
				AAA557911EA58CA5009AF21C /* Main.storyboard in Resources */,
			);
			runOnlyForDeploymentPostprocessing = 0;
		};
/* End PBXResourcesBuildPhase section */

/* Begin PBXSourcesBuildPhase section */
		AAA557841EA58CA5009AF21C /* Sources */ = {
			isa = PBXSourcesBuildPhase;
			buildActionMask = 2147483647;
			files = (
				AAA5578E1EA58CA5009AF21C /* ViewController.swift in Sources */,
				AAA5578C1EA58CA5009AF21C /* AppDelegate.swift in Sources */,
			);
			runOnlyForDeploymentPostprocessing = 0;
		};
/* End PBXSourcesBuildPhase section */

/* Begin PBXVariantGroup section */
		AAA5578F1EA58CA5009AF21C /* Main.storyboard */ = {
			isa = PBXVariantGroup;
			children = (
				AAA557901EA58CA5009AF21C /* Base */,
			);
			name = Main.storyboard;
			sourceTree = "<group>";
		};
		AAA557941EA58CA5009AF21C /* LaunchScreen.storyboard */ = {
			isa = PBXVariantGroup;
			children = (
				AAA557951EA58CA5009AF21C /* Base */,
			);
			name = LaunchScreen.storyboard;
			sourceTree = "<group>";
		};
/* End PBXVariantGroup section */

/* Begin XCBuildConfiguration section */
		AAA557981EA58CA5009AF21C /* Debug */ = {
			isa = XCBuildConfiguration;
			buildSettings = {
				ALWAYS_SEARCH_USER_PATHS = NO;
				CLANG_ANALYZER_NONNULL = YES;
				CLANG_ANALYZER_NUMBER_OBJECT_CONVERSION = YES_AGGRESSIVE;
				CLANG_CXX_LANGUAGE_STANDARD = "gnu++0x";
				CLANG_CXX_LIBRARY = "libc++";
				CLANG_ENABLE_MODULES = YES;
				CLANG_ENABLE_OBJC_ARC = YES;
				CLANG_WARN_BOOL_CONVERSION = YES;
				CLANG_WARN_CONSTANT_CONVERSION = YES;
				CLANG_WARN_DIRECT_OBJC_ISA_USAGE = YES_ERROR;
				CLANG_WARN_DOCUMENTATION_COMMENTS = YES;
				CLANG_WARN_EMPTY_BODY = YES;
				CLANG_WARN_ENUM_CONVERSION = YES;
				CLANG_WARN_INFINITE_RECURSION = YES;
				CLANG_WARN_INT_CONVERSION = YES;
				CLANG_WARN_OBJC_ROOT_CLASS = YES_ERROR;
				CLANG_WARN_SUSPICIOUS_MOVE = YES;
				CLANG_WARN_UNREACHABLE_CODE = YES;
				CLANG_WARN__DUPLICATE_METHOD_MATCH = YES;
				"CODE_SIGN_IDENTITY[sdk=iphoneos*]" = "iPhone Developer";
				COPY_PHASE_STRIP = NO;
				DEBUG_INFORMATION_FORMAT = dwarf;
				ENABLE_STRICT_OBJC_MSGSEND = YES;
				ENABLE_TESTABILITY = YES;
				GCC_C_LANGUAGE_STANDARD = gnu99;
				GCC_DYNAMIC_NO_PIC = NO;
				GCC_NO_COMMON_BLOCKS = YES;
				GCC_OPTIMIZATION_LEVEL = 0;
				GCC_PREPROCESSOR_DEFINITIONS = (
					"DEBUG=1",
					"$(inherited)",
				);
				GCC_WARN_64_TO_32_BIT_CONVERSION = YES;
				GCC_WARN_ABOUT_RETURN_TYPE = YES_ERROR;
				GCC_WARN_UNDECLARED_SELECTOR = YES;
				GCC_WARN_UNINITIALIZED_AUTOS = YES_AGGRESSIVE;
				GCC_WARN_UNUSED_FUNCTION = YES;
				GCC_WARN_UNUSED_VARIABLE = YES;
				IPHONEOS_DEPLOYMENT_TARGET = 10.3;
				MTL_ENABLE_DEBUG_INFO = YES;
				ONLY_ACTIVE_ARCH = YES;
				SDKROOT = iphoneos;
				SWIFT_ACTIVE_COMPILATION_CONDITIONS = DEBUG;
				SWIFT_OPTIMIZATION_LEVEL = "-Onone";
			};
			name = Debug;
		};
		AAA557991EA58CA5009AF21C /* Release */ = {
			isa = XCBuildConfiguration;
			buildSettings = {
				ALWAYS_SEARCH_USER_PATHS = NO;
				CLANG_ANALYZER_NONNULL = YES;
				CLANG_ANALYZER_NUMBER_OBJECT_CONVERSION = YES_AGGRESSIVE;
				CLANG_CXX_LANGUAGE_STANDARD = "gnu++0x";
				CLANG_CXX_LIBRARY = "libc++";
				CLANG_ENABLE_MODULES = YES;
				CLANG_ENABLE_OBJC_ARC = YES;
				CLANG_WARN_BOOL_CONVERSION = YES;
				CLANG_WARN_CONSTANT_CONVERSION = YES;
				CLANG_WARN_DIRECT_OBJC_ISA_USAGE = YES_ERROR;
				CLANG_WARN_DOCUMENTATION_COMMENTS = YES;
				CLANG_WARN_EMPTY_BODY = YES;
				CLANG_WARN_ENUM_CONVERSION = YES;
				CLANG_WARN_INFINITE_RECURSION = YES;
				CLANG_WARN_INT_CONVERSION = YES;
				CLANG_WARN_OBJC_ROOT_CLASS = YES_ERROR;
				CLANG_WARN_SUSPICIOUS_MOVE = YES;
				CLANG_WARN_UNREACHABLE_CODE = YES;
				CLANG_WARN__DUPLICATE_METHOD_MATCH = YES;
				"CODE_SIGN_IDENTITY[sdk=iphoneos*]" = "iPhone Developer";
				COPY_PHASE_STRIP = NO;
				DEBUG_INFORMATION_FORMAT = "dwarf-with-dsym";
				ENABLE_NS_ASSERTIONS = NO;
				ENABLE_STRICT_OBJC_MSGSEND = YES;
				GCC_C_LANGUAGE_STANDARD = gnu99;
				GCC_NO_COMMON_BLOCKS = YES;
				GCC_WARN_64_TO_32_BIT_CONVERSION = YES;
				GCC_WARN_ABOUT_RETURN_TYPE = YES_ERROR;
				GCC_WARN_UNDECLARED_SELECTOR = YES;
				GCC_WARN_UNINITIALIZED_AUTOS = YES_AGGRESSIVE;
				GCC_WARN_UNUSED_FUNCTION = YES;
				GCC_WARN_UNUSED_VARIABLE = YES;
				IPHONEOS_DEPLOYMENT_TARGET = 10.3;
				MTL_ENABLE_DEBUG_INFO = NO;
				SDKROOT = iphoneos;
				SWIFT_OPTIMIZATION_LEVEL = "-Owholemodule";
				VALIDATE_PRODUCT = YES;
			};
			name = Release;
		};
		AAA5579B1EA58CA5009AF21C /* Debug */ = {
			isa = XCBuildConfiguration;
			buildSettings = {
				ASSETCATALOG_COMPILER_APPICON_NAME = AppIcon;
				DEVELOPMENT_TEAM = XJY6K7P63P;
				INFOPLIST_FILE = ProyectoNavigation/Info.plist;
				LD_RUNPATH_SEARCH_PATHS = "$(inherited) @executable_path/Frameworks";
				PRODUCT_BUNDLE_IDENTIFIER = com.davidvpe.ProyectoNavigation;
				PRODUCT_NAME = "$(TARGET_NAME)";
				SWIFT_VERSION = 3.0;
			};
			name = Debug;
		};
		AAA5579C1EA58CA5009AF21C /* Release */ = {
			isa = XCBuildConfiguration;
			buildSettings = {
				ASSETCATALOG_COMPILER_APPICON_NAME = AppIcon;
				DEVELOPMENT_TEAM = XJY6K7P63P;
				INFOPLIST_FILE = ProyectoNavigation/Info.plist;
				LD_RUNPATH_SEARCH_PATHS = "$(inherited) @executable_path/Frameworks";
				PRODUCT_BUNDLE_IDENTIFIER = com.davidvpe.ProyectoNavigation;
				PRODUCT_NAME = "$(TARGET_NAME)";
				SWIFT_VERSION = 3.0;
			};
			name = Release;
		};
/* End XCBuildConfiguration section */

/* Begin XCConfigurationList section */
		AAA557831EA58CA5009AF21C /* Build configuration list for PBXProject "ProyectoNavigation" */ = {
			isa = XCConfigurationList;
			buildConfigurations = (
				AAA557981EA58CA5009AF21C /* Debug */,
				AAA557991EA58CA5009AF21C /* Release */,
			);
			defaultConfigurationIsVisible = 0;
			defaultConfigurationName = Release;
		};
		AAA5579A1EA58CA5009AF21C /* Build configuration list for PBXNativeTarget "ProyectoNavigation" */ = {
			isa = XCConfigurationList;
			buildConfigurations = (
				AAA5579B1EA58CA5009AF21C /* Debug */,
				AAA5579C1EA58CA5009AF21C /* Release */,
			);
			defaultConfigurationIsVisible = 0;
		};
/* End XCConfigurationList section */
	};
	rootObject = AAA557801EA58CA5009AF21C /* Project object */;
}
