// !$*UTF8*$!
{
	archiveVersion = 1;
	classes = {
	};
	objectVersion = 46;
	objects = {

/* Begin PBXBuildFile section */
		8481B1661EA5A84C00C8101B /* AppDelegate.swift in Sources */ = {isa = PBXBuildFile; fileRef = 8481B1651EA5A84C00C8101B /* AppDelegate.swift */; };
		8481B16B1EA5A84C00C8101B /* Main.storyboard in Resources */ = {isa = PBXBuildFile; fileRef = 8481B1691EA5A84C00C8101B /* Main.storyboard */; };
		8481B16D1EA5A84C00C8101B /* Assets.xcassets in Resources */ = {isa = PBXBuildFile; fileRef = 8481B16C1EA5A84C00C8101B /* Assets.xcassets */; };
		8481B1701EA5A84C00C8101B /* LaunchScreen.storyboard in Resources */ = {isa = PBXBuildFile; fileRef = 8481B16E1EA5A84C00C8101B /* LaunchScreen.storyboard */; };
		AA33F88A1EA5B5A40023A0E4 /* RegistroTableViewController.swift in Sources */ = {isa = PBXBuildFile; fileRef = AA33F8891EA5B5A40023A0E4 /* RegistroTableViewController.swift */; };
/* End PBXBuildFile section */

/* Begin PBXFileReference section */
		8481B1621EA5A84C00C8101B /* ProjectTabla.app */ = {isa = PBXFileReference; explicitFileType = wrapper.application; includeInIndex = 0; path = ProjectTabla.app; sourceTree = BUILT_PRODUCTS_DIR; };
		8481B1651EA5A84C00C8101B /* AppDelegate.swift */ = {isa = PBXFileReference; lastKnownFileType = sourcecode.swift; path = AppDelegate.swift; sourceTree = "<group>"; };
		8481B16A1EA5A84C00C8101B /* Base */ = {isa = PBXFileReference; lastKnownFileType = file.storyboard; name = Base; path = Base.lproj/Main.storyboard; sourceTree = "<group>"; };
		8481B16C1EA5A84C00C8101B /* Assets.xcassets */ = {isa = PBXFileReference; lastKnownFileType = folder.assetcatalog; path = Assets.xcassets; sourceTree = "<group>"; };
		8481B16F1EA5A84C00C8101B /* Base */ = {isa = PBXFileReference; lastKnownFileType = file.storyboard; name = Base; path = Base.lproj/LaunchScreen.storyboard; sourceTree = "<group>"; };
		8481B1711EA5A84C00C8101B /* Info.plist */ = {isa = PBXFileReference; lastKnownFileType = text.plist.xml; path = Info.plist; sourceTree = "<group>"; };
		AA33F8891EA5B5A40023A0E4 /* RegistroTableViewController.swift */ = {isa = PBXFileReference; fileEncoding = 4; lastKnownFileType = sourcecode.swift; path = RegistroTableViewController.swift; sourceTree = "<group>"; };
/* End PBXFileReference section */

/* Begin PBXFrameworksBuildPhase section */
		8481B15F1EA5A84C00C8101B /* Frameworks */ = {
			isa = PBXFrameworksBuildPhase;
			buildActionMask = 2147483647;
			files = (
			);
			runOnlyForDeploymentPostprocessing = 0;
		};
/* End PBXFrameworksBuildPhase section */

/* Begin PBXGroup section */
		8481B1591EA5A84C00C8101B = {
			isa = PBXGroup;
			children = (
				8481B1641EA5A84C00C8101B /* ProjectTabla */,
				8481B1631EA5A84C00C8101B /* Products */,
			);
			sourceTree = "<group>";
		};
		8481B1631EA5A84C00C8101B /* Products */ = {
			isa = PBXGroup;
			children = (
				8481B1621EA5A84C00C8101B /* ProjectTabla.app */,
			);
			name = Products;
			sourceTree = "<group>";
		};
		8481B1641EA5A84C00C8101B /* ProjectTabla */ = {
			isa = PBXGroup;
			children = (
				8481B1651EA5A84C00C8101B /* AppDelegate.swift */,
				8481B1691EA5A84C00C8101B /* Main.storyboard */,
				8481B16C1EA5A84C00C8101B /* Assets.xcassets */,
				8481B16E1EA5A84C00C8101B /* LaunchScreen.storyboard */,
				8481B1711EA5A84C00C8101B /* Info.plist */,
				AA33F8891EA5B5A40023A0E4 /* RegistroTableViewController.swift */,
			);
			path = ProjectTabla;
			sourceTree = "<group>";
		};
/* End PBXGroup section */

/* Begin PBXNativeTarget section */
		8481B1611EA5A84C00C8101B /* ProjectTabla */ = {
			isa = PBXNativeTarget;
			buildConfigurationList = 8481B1741EA5A84C00C8101B /* Build configuration list for PBXNativeTarget "ProjectTabla" */;
			buildPhases = (
				8481B15E1EA5A84C00C8101B /* Sources */,
				8481B15F1EA5A84C00C8101B /* Frameworks */,
				8481B1601EA5A84C00C8101B /* Resources */,
			);
			buildRules = (
			);
			dependencies = (
			);
			name = ProjectTabla;
			productName = ProjectTabla;
			productReference = 8481B1621EA5A84C00C8101B /* ProjectTabla.app */;
			productType = "com.apple.product-type.application";
		};
/* End PBXNativeTarget section */

/* Begin PBXProject section */
		8481B15A1EA5A84C00C8101B /* Project object */ = {
			isa = PBXProject;
			attributes = {
				LastSwiftUpdateCheck = 0800;
				LastUpgradeCheck = 0800;
				ORGANIZATIONNAME = "Jose Mejia";
				TargetAttributes = {
					8481B1611EA5A84C00C8101B = {
						CreatedOnToolsVersion = 8.0;
						ProvisioningStyle = Automatic;
					};
				};
			};
			buildConfigurationList = 8481B15D1EA5A84C00C8101B /* Build configuration list for PBXProject "ProjectTabla" */;
			compatibilityVersion = "Xcode 3.2";
			developmentRegion = English;
			hasScannedForEncodings = 0;
			knownRegions = (
				en,
				Base,
			);
			mainGroup = 8481B1591EA5A84C00C8101B;
			productRefGroup = 8481B1631EA5A84C00C8101B /* Products */;
			projectDirPath = "";
			projectRoot = "";
			targets = (
				8481B1611EA5A84C00C8101B /* ProjectTabla */,
			);
		};
/* End PBXProject section */

/* Begin PBXResourcesBuildPhase section */
		8481B1601EA5A84C00C8101B /* Resources */ = {
			isa = PBXResourcesBuildPhase;
			buildActionMask = 2147483647;
			files = (
				8481B1701EA5A84C00C8101B /* LaunchScreen.storyboard in Resources */,
				8481B16D1EA5A84C00C8101B /* Assets.xcassets in Resources */,
				8481B16B1EA5A84C00C8101B /* Main.storyboard in Resources */,
			);
			runOnlyForDeploymentPostprocessing = 0;
		};
/* End PBXResourcesBuildPhase section */

/* Begin PBXSourcesBuildPhase section */
		8481B15E1EA5A84C00C8101B /* Sources */ = {
			isa = PBXSourcesBuildPhase;
			buildActionMask = 2147483647;
			files = (
				AA33F88A1EA5B5A40023A0E4 /* RegistroTableViewController.swift in Sources */,
				8481B1661EA5A84C00C8101B /* AppDelegate.swift in Sources */,
			);
			runOnlyForDeploymentPostprocessing = 0;
		};
/* End PBXSourcesBuildPhase section */

/* Begin PBXVariantGroup section */
		8481B1691EA5A84C00C8101B /* Main.storyboard */ = {
			isa = PBXVariantGroup;
			children = (
				8481B16A1EA5A84C00C8101B /* Base */,
			);
			name = Main.storyboard;
			sourceTree = "<group>";
		};
		8481B16E1EA5A84C00C8101B /* LaunchScreen.storyboard */ = {
			isa = PBXVariantGroup;
			children = (
				8481B16F1EA5A84C00C8101B /* Base */,
			);
			name = LaunchScreen.storyboard;
			sourceTree = "<group>";
		};
/* End PBXVariantGroup section */

/* Begin XCBuildConfiguration section */
		8481B1721EA5A84C00C8101B /* Debug */ = {
			isa = XCBuildConfiguration;
			buildSettings = {
				ALWAYS_SEARCH_USER_PATHS = NO;
				CLANG_ANALYZER_NONNULL = YES;
				CLANG_CXX_LANGUAGE_STANDARD = "gnu++0x";
				CLANG_CXX_LIBRARY = "libc++";
				CLANG_ENABLE_MODULES = YES;
				CLANG_ENABLE_OBJC_ARC = YES;
				CLANG_WARN_BOOL_CONVERSION = YES;
				CLANG_WARN_CONSTANT_CONVERSION = YES;
				CLANG_WARN_DIRECT_OBJC_ISA_USAGE = YES_ERROR;
				CLANG_WARN_DOCUMENTATION_COMMENTS = YES;
				CLANG_WARN_EMPTY_BODY = YES;
				CLANG_WARN_ENUM_CONVERSION = YES;
				CLANG_WARN_INFINITE_RECURSION = YES;
				CLANG_WARN_INT_CONVERSION = YES;
				CLANG_WARN_OBJC_ROOT_CLASS = YES_ERROR;
				CLANG_WARN_SUSPICIOUS_MOVES = YES;
				CLANG_WARN_UNREACHABLE_CODE = YES;
				CLANG_WARN__DUPLICATE_METHOD_MATCH = YES;
				"CODE_SIGN_IDENTITY[sdk=iphoneos*]" = "iPhone Developer";
				COPY_PHASE_STRIP = NO;
				DEBUG_INFORMATION_FORMAT = dwarf;
				ENABLE_STRICT_OBJC_MSGSEND = YES;
				ENABLE_TESTABILITY = YES;
				GCC_C_LANGUAGE_STANDARD = gnu99;
				GCC_DYNAMIC_NO_PIC = NO;
				GCC_NO_COMMON_BLOCKS = YES;
				GCC_OPTIMIZATION_LEVEL = 0;
				GCC_PREPROCESSOR_DEFINITIONS = (
					"DEBUG=1",
					"$(inherited)",
				);
				GCC_WARN_64_TO_32_BIT_CONVERSION = YES;
				GCC_WARN_ABOUT_RETURN_TYPE = YES_ERROR;
				GCC_WARN_UNDECLARED_SELECTOR = YES;
				GCC_WARN_UNINITIALIZED_AUTOS = YES_AGGRESSIVE;
				GCC_WARN_UNUSED_FUNCTION = YES;
				GCC_WARN_UNUSED_VARIABLE = YES;
				IPHONEOS_DEPLOYMENT_TARGET = 10.0;
				MTL_ENABLE_DEBUG_INFO = YES;
				ONLY_ACTIVE_ARCH = YES;
				SDKROOT = iphoneos;
				SWIFT_ACTIVE_COMPILATION_CONDITIONS = DEBUG;
				SWIFT_OPTIMIZATION_LEVEL = "-Onone";
			};
			name = Debug;
		};
		8481B1731EA5A84C00C8101B /* Release */ = {
			isa = XCBuildConfiguration;
			buildSettings = {
				ALWAYS_SEARCH_USER_PATHS = NO;
				CLANG_ANALYZER_NONNULL = YES;
				CLANG_CXX_LANGUAGE_STANDARD = "gnu++0x";
				CLANG_CXX_LIBRARY = "libc++";
				CLANG_ENABLE_MODULES = YES;
				CLANG_ENABLE_OBJC_ARC = YES;
				CLANG_WARN_BOOL_CONVERSION = YES;
				CLANG_WARN_CONSTANT_CONVERSION = YES;
				CLANG_WARN_DIRECT_OBJC_ISA_USAGE = YES_ERROR;
				CLANG_WARN_DOCUMENTATION_COMMENTS = YES;
				CLANG_WARN_EMPTY_BODY = YES;
				CLANG_WARN_ENUM_CONVERSION = YES;
				CLANG_WARN_INFINITE_RECURSION = YES;
				CLANG_WARN_INT_CONVERSION = YES;
				CLANG_WARN_OBJC_ROOT_CLASS = YES_ERROR;
				CLANG_WARN_SUSPICIOUS_MOVES = YES;
				CLANG_WARN_UNREACHABLE_CODE = YES;
				CLANG_WARN__DUPLICATE_METHOD_MATCH = YES;
				"CODE_SIGN_IDENTITY[sdk=iphoneos*]" = "iPhone Developer";
				COPY_PHASE_STRIP = NO;
				DEBUG_INFORMATION_FORMAT = "dwarf-with-dsym";
				ENABLE_NS_ASSERTIONS = NO;
				ENABLE_STRICT_OBJC_MSGSEND = YES;
				GCC_C_LANGUAGE_STANDARD = gnu99;
				GCC_NO_COMMON_BLOCKS = YES;
				GCC_WARN_64_TO_32_BIT_CONVERSION = YES;
				GCC_WARN_ABOUT_RETURN_TYPE = YES_ERROR;
				GCC_WARN_UNDECLARED_SELECTOR = YES;
				GCC_WARN_UNINITIALIZED_AUTOS = YES_AGGRESSIVE;
				GCC_WARN_UNUSED_FUNCTION = YES;
				GCC_WARN_UNUSED_VARIABLE = YES;
				IPHONEOS_DEPLOYMENT_TARGET = 10.0;
				MTL_ENABLE_DEBUG_INFO = NO;
				SDKROOT = iphoneos;
				SWIFT_OPTIMIZATION_LEVEL = "-Owholemodule";
				VALIDATE_PRODUCT = YES;
			};
			name = Release;
		};
		8481B1751EA5A84C00C8101B /* Debug */ = {
			isa = XCBuildConfiguration;
			buildSettings = {
				ASSETCATALOG_COMPILER_APPICON_NAME = AppIcon;
				INFOPLIST_FILE = ProjectTabla/Info.plist;
				LD_RUNPATH_SEARCH_PATHS = "$(inherited) @executable_path/Frameworks";
				PRODUCT_BUNDLE_IDENTIFIER = com.jmejia.ProjectTabla;
				PRODUCT_NAME = "$(TARGET_NAME)";
				SWIFT_VERSION = 3.0;
			};
			name = Debug;
		};
		8481B1761EA5A84C00C8101B /* Release */ = {
			isa = XCBuildConfiguration;
			buildSettings = {
				ASSETCATALOG_COMPILER_APPICON_NAME = AppIcon;
				INFOPLIST_FILE = ProjectTabla/Info.plist;
				LD_RUNPATH_SEARCH_PATHS = "$(inherited) @executable_path/Frameworks";
				PRODUCT_BUNDLE_IDENTIFIER = com.jmejia.ProjectTabla;
				PRODUCT_NAME = "$(TARGET_NAME)";
				SWIFT_VERSION = 3.0;
			};
			name = Release;
		};
/* End XCBuildConfiguration section */

/* Begin XCConfigurationList section */
		8481B15D1EA5A84C00C8101B /* Build configuration list for PBXProject "ProjectTabla" */ = {
			isa = XCConfigurationList;
			buildConfigurations = (
				8481B1721EA5A84C00C8101B /* Debug */,
				8481B1731EA5A84C00C8101B /* Release */,
			);
			defaultConfigurationIsVisible = 0;
			defaultConfigurationName = Release;
		};
		8481B1741EA5A84C00C8101B /* Build configuration list for PBXNativeTarget "ProjectTabla" */ = {
			isa = XCConfigurationList;
			buildConfigurations = (
				8481B1751EA5A84C00C8101B /* Debug */,
				8481B1761EA5A84C00C8101B /* Release */,
			);
			defaultConfigurationIsVisible = 0;
			defaultConfigurationName = Release;
		};
/* End XCConfigurationList section */
	};
	rootObject = 8481B15A1EA5A84C00C8101B /* Project object */;
}
