// !$*UTF8*$!
{
	archiveVersion = 1;
	classes = {
	};
	objectVersion = 46;
	objects = {

/* Begin PBXBuildFile section */
		076AE83A9DC248B0DADFDCD0 /* Pods_ProyectoServicios.framework in Frameworks */ = {isa = PBXBuildFile; fileRef = 897423DB52E222926FB69CBA /* Pods_ProyectoServicios.framework */; };
		84CBC0111ECD1DE400BDEF69 /* AppDelegate.swift in Sources */ = {isa = PBXBuildFile; fileRef = 84CBC0101ECD1DE400BDEF69 /* AppDelegate.swift */; };
		84CBC0131ECD1DE400BDEF69 /* ViewController.swift in Sources */ = {isa = PBXBuildFile; fileRef = 84CBC0121ECD1DE400BDEF69 /* ViewController.swift */; };
		84CBC0161ECD1DE400BDEF69 /* Main.storyboard in Resources */ = {isa = PBXBuildFile; fileRef = 84CBC0141ECD1DE400BDEF69 /* Main.storyboard */; };
		84CBC0181ECD1DE500BDEF69 /* Assets.xcassets in Resources */ = {isa = PBXBuildFile; fileRef = 84CBC0171ECD1DE500BDEF69 /* Assets.xcassets */; };
		84CBC01B1ECD1DE500BDEF69 /* LaunchScreen.storyboard in Resources */ = {isa = PBXBuildFile; fileRef = 84CBC0191ECD1DE500BDEF69 /* LaunchScreen.storyboard */; };
		84CBC0231ECD29AF00BDEF69 /* UserTableViewCell.swift in Sources */ = {isa = PBXBuildFile; fileRef = 84CBC0221ECD29AF00BDEF69 /* UserTableViewCell.swift */; };
		84CBC0251ECD2D5B00BDEF69 /* User.swift in Sources */ = {isa = PBXBuildFile; fileRef = 84CBC0241ECD2D5B00BDEF69 /* User.swift */; };
		84CBC0271ECD345A00BDEF69 /* Post.swift in Sources */ = {isa = PBXBuildFile; fileRef = 84CBC0261ECD345A00BDEF69 /* Post.swift */; };
		84CBC0291ECD346700BDEF69 /* PostTableViewCell.swift in Sources */ = {isa = PBXBuildFile; fileRef = 84CBC0281ECD346700BDEF69 /* PostTableViewCell.swift */; };
		84CBC02B1ECD34EA00BDEF69 /* PostsViewController.swift in Sources */ = {isa = PBXBuildFile; fileRef = 84CBC02A1ECD34EA00BDEF69 /* PostsViewController.swift */; };
/* End PBXBuildFile section */

/* Begin PBXFileReference section */
		752BC3F28C0D04D013AD222B /* Pods-ProyectoServicios.release.xcconfig */ = {isa = PBXFileReference; includeInIndex = 1; lastKnownFileType = text.xcconfig; name = "Pods-ProyectoServicios.release.xcconfig"; path = "Pods/Target Support Files/Pods-ProyectoServicios/Pods-ProyectoServicios.release.xcconfig"; sourceTree = "<group>"; };
		84CBC00D1ECD1DE400BDEF69 /* ProyectoServicios.app */ = {isa = PBXFileReference; explicitFileType = wrapper.application; includeInIndex = 0; path = ProyectoServicios.app; sourceTree = BUILT_PRODUCTS_DIR; };
		84CBC0101ECD1DE400BDEF69 /* AppDelegate.swift */ = {isa = PBXFileReference; lastKnownFileType = sourcecode.swift; path = AppDelegate.swift; sourceTree = "<group>"; };
		84CBC0121ECD1DE400BDEF69 /* ViewController.swift */ = {isa = PBXFileReference; lastKnownFileType = sourcecode.swift; path = ViewController.swift; sourceTree = "<group>"; };
		84CBC0151ECD1DE400BDEF69 /* Base */ = {isa = PBXFileReference; lastKnownFileType = file.storyboard; name = Base; path = Base.lproj/Main.storyboard; sourceTree = "<group>"; };
		84CBC0171ECD1DE500BDEF69 /* Assets.xcassets */ = {isa = PBXFileReference; lastKnownFileType = folder.assetcatalog; path = Assets.xcassets; sourceTree = "<group>"; };
		84CBC01A1ECD1DE500BDEF69 /* Base */ = {isa = PBXFileReference; lastKnownFileType = file.storyboard; name = Base; path = Base.lproj/LaunchScreen.storyboard; sourceTree = "<group>"; };
		84CBC01C1ECD1DE500BDEF69 /* Info.plist */ = {isa = PBXFileReference; lastKnownFileType = text.plist.xml; path = Info.plist; sourceTree = "<group>"; };
		84CBC0221ECD29AF00BDEF69 /* UserTableViewCell.swift */ = {isa = PBXFileReference; fileEncoding = 4; lastKnownFileType = sourcecode.swift; path = UserTableViewCell.swift; sourceTree = "<group>"; };
		84CBC0241ECD2D5B00BDEF69 /* User.swift */ = {isa = PBXFileReference; fileEncoding = 4; lastKnownFileType = sourcecode.swift; path = User.swift; sourceTree = "<group>"; };
		84CBC0261ECD345A00BDEF69 /* Post.swift */ = {isa = PBXFileReference; fileEncoding = 4; lastKnownFileType = sourcecode.swift; path = Post.swift; sourceTree = "<group>"; };
		84CBC0281ECD346700BDEF69 /* PostTableViewCell.swift */ = {isa = PBXFileReference; fileEncoding = 4; lastKnownFileType = sourcecode.swift; path = PostTableViewCell.swift; sourceTree = "<group>"; };
		84CBC02A1ECD34EA00BDEF69 /* PostsViewController.swift */ = {isa = PBXFileReference; fileEncoding = 4; lastKnownFileType = sourcecode.swift; path = PostsViewController.swift; sourceTree = "<group>"; };
		897423DB52E222926FB69CBA /* Pods_ProyectoServicios.framework */ = {isa = PBXFileReference; explicitFileType = wrapper.framework; includeInIndex = 0; path = Pods_ProyectoServicios.framework; sourceTree = BUILT_PRODUCTS_DIR; };
		FED28BCF8DB2DF1A5D83D68B /* Pods-ProyectoServicios.debug.xcconfig */ = {isa = PBXFileReference; includeInIndex = 1; lastKnownFileType = text.xcconfig; name = "Pods-ProyectoServicios.debug.xcconfig"; path = "Pods/Target Support Files/Pods-ProyectoServicios/Pods-ProyectoServicios.debug.xcconfig"; sourceTree = "<group>"; };
/* End PBXFileReference section */

/* Begin PBXFrameworksBuildPhase section */
		84CBC00A1ECD1DE300BDEF69 /* Frameworks */ = {
			isa = PBXFrameworksBuildPhase;
			buildActionMask = 2147483647;
			files = (
				076AE83A9DC248B0DADFDCD0 /* Pods_ProyectoServicios.framework in Frameworks */,
			);
			runOnlyForDeploymentPostprocessing = 0;
		};
/* End PBXFrameworksBuildPhase section */

/* Begin PBXGroup section */
		08643991F9CCBCA4A742D977 /* Frameworks */ = {
			isa = PBXGroup;
			children = (
				897423DB52E222926FB69CBA /* Pods_ProyectoServicios.framework */,
			);
			name = Frameworks;
			sourceTree = "<group>";
		};
		84CBC0041ECD1DE300BDEF69 = {
			isa = PBXGroup;
			children = (
				84CBC00F1ECD1DE400BDEF69 /* ProyectoServicios */,
				84CBC00E1ECD1DE400BDEF69 /* Products */,
				A20E9B7920B029A1647CBC02 /* Pods */,
				08643991F9CCBCA4A742D977 /* Frameworks */,
			);
			sourceTree = "<group>";
		};
		84CBC00E1ECD1DE400BDEF69 /* Products */ = {
			isa = PBXGroup;
			children = (
				84CBC00D1ECD1DE400BDEF69 /* ProyectoServicios.app */,
			);
			name = Products;
			sourceTree = "<group>";
		};
		84CBC00F1ECD1DE400BDEF69 /* ProyectoServicios */ = {
			isa = PBXGroup;
			children = (
				84CBC0101ECD1DE400BDEF69 /* AppDelegate.swift */,
				84CBC0121ECD1DE400BDEF69 /* ViewController.swift */,
				84CBC02A1ECD34EA00BDEF69 /* PostsViewController.swift */,
				84CBC0261ECD345A00BDEF69 /* Post.swift */,
				84CBC0281ECD346700BDEF69 /* PostTableViewCell.swift */,
				84CBC0241ECD2D5B00BDEF69 /* User.swift */,
				84CBC0221ECD29AF00BDEF69 /* UserTableViewCell.swift */,
				84CBC0141ECD1DE400BDEF69 /* Main.storyboard */,
				84CBC0171ECD1DE500BDEF69 /* Assets.xcassets */,
				84CBC0191ECD1DE500BDEF69 /* LaunchScreen.storyboard */,
				84CBC01C1ECD1DE500BDEF69 /* Info.plist */,
			);
			path = ProyectoServicios;
			sourceTree = "<group>";
		};
		A20E9B7920B029A1647CBC02 /* Pods */ = {
			isa = PBXGroup;
			children = (
				FED28BCF8DB2DF1A5D83D68B /* Pods-ProyectoServicios.debug.xcconfig */,
				752BC3F28C0D04D013AD222B /* Pods-ProyectoServicios.release.xcconfig */,
			);
			name = Pods;
			sourceTree = "<group>";
		};
/* End PBXGroup section */

/* Begin PBXNativeTarget section */
		84CBC00C1ECD1DE300BDEF69 /* ProyectoServicios */ = {
			isa = PBXNativeTarget;
			buildConfigurationList = 84CBC01F1ECD1DE500BDEF69 /* Build configuration list for PBXNativeTarget "ProyectoServicios" */;
			buildPhases = (
				E32DCF3E015D2F61B4DFD704 /* [CP] Check Pods Manifest.lock */,
				84CBC0091ECD1DE300BDEF69 /* Sources */,
				84CBC00A1ECD1DE300BDEF69 /* Frameworks */,
				84CBC00B1ECD1DE300BDEF69 /* Resources */,
				505B018E4A1C02880C09D0A8 /* [CP] Embed Pods Frameworks */,
				7BDBA7544F04C1094DE137C1 /* [CP] Copy Pods Resources */,
			);
			buildRules = (
			);
			dependencies = (
			);
			name = ProyectoServicios;
			productName = ProyectoServicios;
			productReference = 84CBC00D1ECD1DE400BDEF69 /* ProyectoServicios.app */;
			productType = "com.apple.product-type.application";
		};
/* End PBXNativeTarget section */

/* Begin PBXProject section */
		84CBC0051ECD1DE300BDEF69 /* Project object */ = {
			isa = PBXProject;
			attributes = {
				LastSwiftUpdateCheck = 0800;
				LastUpgradeCheck = 0800;
				ORGANIZATIONNAME = "Jose Mejia";
				TargetAttributes = {
					84CBC00C1ECD1DE300BDEF69 = {
						CreatedOnToolsVersion = 8.0;
						DevelopmentTeam = XJY6K7P63P;
						ProvisioningStyle = Automatic;
					};
				};
			};
			buildConfigurationList = 84CBC0081ECD1DE300BDEF69 /* Build configuration list for PBXProject "ProyectoServicios" */;
			compatibilityVersion = "Xcode 3.2";
			developmentRegion = English;
			hasScannedForEncodings = 0;
			knownRegions = (
				en,
				Base,
			);
			mainGroup = 84CBC0041ECD1DE300BDEF69;
			productRefGroup = 84CBC00E1ECD1DE400BDEF69 /* Products */;
			projectDirPath = "";
			projectRoot = "";
			targets = (
				84CBC00C1ECD1DE300BDEF69 /* ProyectoServicios */,
			);
		};
/* End PBXProject section */

/* Begin PBXResourcesBuildPhase section */
		84CBC00B1ECD1DE300BDEF69 /* Resources */ = {
			isa = PBXResourcesBuildPhase;
			buildActionMask = 2147483647;
			files = (
				84CBC01B1ECD1DE500BDEF69 /* LaunchScreen.storyboard in Resources */,
				84CBC0181ECD1DE500BDEF69 /* Assets.xcassets in Resources */,
				84CBC0161ECD1DE400BDEF69 /* Main.storyboard in Resources */,
			);
			runOnlyForDeploymentPostprocessing = 0;
		};
/* End PBXResourcesBuildPhase section */

/* Begin PBXShellScriptBuildPhase section */
		505B018E4A1C02880C09D0A8 /* [CP] Embed Pods Frameworks */ = {
			isa = PBXShellScriptBuildPhase;
			buildActionMask = 2147483647;
			files = (
			);
			inputPaths = (
			);
			name = "[CP] Embed Pods Frameworks";
			outputPaths = (
			);
			runOnlyForDeploymentPostprocessing = 0;
			shellPath = /bin/sh;
			shellScript = "\"${SRCROOT}/Pods/Target Support Files/Pods-ProyectoServicios/Pods-ProyectoServicios-frameworks.sh\"\n";
			showEnvVarsInLog = 0;
		};
		7BDBA7544F04C1094DE137C1 /* [CP] Copy Pods Resources */ = {
			isa = PBXShellScriptBuildPhase;
			buildActionMask = 2147483647;
			files = (
			);
			inputPaths = (
			);
			name = "[CP] Copy Pods Resources";
			outputPaths = (
			);
			runOnlyForDeploymentPostprocessing = 0;
			shellPath = /bin/sh;
			shellScript = "\"${SRCROOT}/Pods/Target Support Files/Pods-ProyectoServicios/Pods-ProyectoServicios-resources.sh\"\n";
			showEnvVarsInLog = 0;
		};
		E32DCF3E015D2F61B4DFD704 /* [CP] Check Pods Manifest.lock */ = {
			isa = PBXShellScriptBuildPhase;
			buildActionMask = 2147483647;
			files = (
			);
			inputPaths = (
			);
			name = "[CP] Check Pods Manifest.lock";
			outputPaths = (
			);
			runOnlyForDeploymentPostprocessing = 0;
			shellPath = /bin/sh;
			shellScript = "diff \"${PODS_PODFILE_DIR_PATH}/Podfile.lock\" \"${PODS_ROOT}/Manifest.lock\" > /dev/null\nif [ $? != 0 ] ; then\n    # print error to STDERR\n    echo \"error: The sandbox is not in sync with the Podfile.lock. Run 'pod install' or update your CocoaPods installation.\" >&2\n    exit 1\nfi\n";
			showEnvVarsInLog = 0;
		};
/* End PBXShellScriptBuildPhase section */

/* Begin PBXSourcesBuildPhase section */
		84CBC0091ECD1DE300BDEF69 /* Sources */ = {
			isa = PBXSourcesBuildPhase;
			buildActionMask = 2147483647;
			files = (
				84CBC02B1ECD34EA00BDEF69 /* PostsViewController.swift in Sources */,
				84CBC0251ECD2D5B00BDEF69 /* User.swift in Sources */,
				84CBC0131ECD1DE400BDEF69 /* ViewController.swift in Sources */,
				84CBC0231ECD29AF00BDEF69 /* UserTableViewCell.swift in Sources */,
				84CBC0111ECD1DE400BDEF69 /* AppDelegate.swift in Sources */,
				84CBC0271ECD345A00BDEF69 /* Post.swift in Sources */,
				84CBC0291ECD346700BDEF69 /* PostTableViewCell.swift in Sources */,
			);
			runOnlyForDeploymentPostprocessing = 0;
		};
/* End PBXSourcesBuildPhase section */

/* Begin PBXVariantGroup section */
		84CBC0141ECD1DE400BDEF69 /* Main.storyboard */ = {
			isa = PBXVariantGroup;
			children = (
				84CBC0151ECD1DE400BDEF69 /* Base */,
			);
			name = Main.storyboard;
			sourceTree = "<group>";
		};
		84CBC0191ECD1DE500BDEF69 /* LaunchScreen.storyboard */ = {
			isa = PBXVariantGroup;
			children = (
				84CBC01A1ECD1DE500BDEF69 /* Base */,
			);
			name = LaunchScreen.storyboard;
			sourceTree = "<group>";
		};
/* End PBXVariantGroup section */

/* Begin XCBuildConfiguration section */
		84CBC01D1ECD1DE500BDEF69 /* Debug */ = {
			isa = XCBuildConfiguration;
			buildSettings = {
				ALWAYS_SEARCH_USER_PATHS = NO;
				CLANG_ANALYZER_NONNULL = YES;
				CLANG_CXX_LANGUAGE_STANDARD = "gnu++0x";
				CLANG_CXX_LIBRARY = "libc++";
				CLANG_ENABLE_MODULES = YES;
				CLANG_ENABLE_OBJC_ARC = YES;
				CLANG_WARN_BOOL_CONVERSION = YES;
				CLANG_WARN_CONSTANT_CONVERSION = YES;
				CLANG_WARN_DIRECT_OBJC_ISA_USAGE = YES_ERROR;
				CLANG_WARN_DOCUMENTATION_COMMENTS = YES;
				CLANG_WARN_EMPTY_BODY = YES;
				CLANG_WARN_ENUM_CONVERSION = YES;
				CLANG_WARN_INFINITE_RECURSION = YES;
				CLANG_WARN_INT_CONVERSION = YES;
				CLANG_WARN_OBJC_ROOT_CLASS = YES_ERROR;
				CLANG_WARN_SUSPICIOUS_MOVES = YES;
				CLANG_WARN_UNREACHABLE_CODE = YES;
				CLANG_WARN__DUPLICATE_METHOD_MATCH = YES;
				"CODE_SIGN_IDENTITY[sdk=iphoneos*]" = "iPhone Developer";
				COPY_PHASE_STRIP = NO;
				DEBUG_INFORMATION_FORMAT = dwarf;
				ENABLE_STRICT_OBJC_MSGSEND = YES;
				ENABLE_TESTABILITY = YES;
				GCC_C_LANGUAGE_STANDARD = gnu99;
				GCC_DYNAMIC_NO_PIC = NO;
				GCC_NO_COMMON_BLOCKS = YES;
				GCC_OPTIMIZATION_LEVEL = 0;
				GCC_PREPROCESSOR_DEFINITIONS = (
					"DEBUG=1",
					"$(inherited)",
				);
				GCC_WARN_64_TO_32_BIT_CONVERSION = YES;
				GCC_WARN_ABOUT_RETURN_TYPE = YES_ERROR;
				GCC_WARN_UNDECLARED_SELECTOR = YES;
				GCC_WARN_UNINITIALIZED_AUTOS = YES_AGGRESSIVE;
				GCC_WARN_UNUSED_FUNCTION = YES;
				GCC_WARN_UNUSED_VARIABLE = YES;
				IPHONEOS_DEPLOYMENT_TARGET = 10.0;
				MTL_ENABLE_DEBUG_INFO = YES;
				ONLY_ACTIVE_ARCH = YES;
				SDKROOT = iphoneos;
				SWIFT_ACTIVE_COMPILATION_CONDITIONS = DEBUG;
				SWIFT_OPTIMIZATION_LEVEL = "-Onone";
				TARGETED_DEVICE_FAMILY = "1,2";
			};
			name = Debug;
		};
		84CBC01E1ECD1DE500BDEF69 /* Release */ = {
			isa = XCBuildConfiguration;
			buildSettings = {
				ALWAYS_SEARCH_USER_PATHS = NO;
				CLANG_ANALYZER_NONNULL = YES;
				CLANG_CXX_LANGUAGE_STANDARD = "gnu++0x";
				CLANG_CXX_LIBRARY = "libc++";
				CLANG_ENABLE_MODULES = YES;
				CLANG_ENABLE_OBJC_ARC = YES;
				CLANG_WARN_BOOL_CONVERSION = YES;
				CLANG_WARN_CONSTANT_CONVERSION = YES;
				CLANG_WARN_DIRECT_OBJC_ISA_USAGE = YES_ERROR;
				CLANG_WARN_DOCUMENTATION_COMMENTS = YES;
				CLANG_WARN_EMPTY_BODY = YES;
				CLANG_WARN_ENUM_CONVERSION = YES;
				CLANG_WARN_INFINITE_RECURSION = YES;
				CLANG_WARN_INT_CONVERSION = YES;
				CLANG_WARN_OBJC_ROOT_CLASS = YES_ERROR;
				CLANG_WARN_SUSPICIOUS_MOVES = YES;
				CLANG_WARN_UNREACHABLE_CODE = YES;
				CLANG_WARN__DUPLICATE_METHOD_MATCH = YES;
				"CODE_SIGN_IDENTITY[sdk=iphoneos*]" = "iPhone Developer";
				COPY_PHASE_STRIP = NO;
				DEBUG_INFORMATION_FORMAT = "dwarf-with-dsym";
				ENABLE_NS_ASSERTIONS = NO;
				ENABLE_STRICT_OBJC_MSGSEND = YES;
				GCC_C_LANGUAGE_STANDARD = gnu99;
				GCC_NO_COMMON_BLOCKS = YES;
				GCC_WARN_64_TO_32_BIT_CONVERSION = YES;
				GCC_WARN_ABOUT_RETURN_TYPE = YES_ERROR;
				GCC_WARN_UNDECLARED_SELECTOR = YES;
				GCC_WARN_UNINITIALIZED_AUTOS = YES_AGGRESSIVE;
				GCC_WARN_UNUSED_FUNCTION = YES;
				GCC_WARN_UNUSED_VARIABLE = YES;
				IPHONEOS_DEPLOYMENT_TARGET = 10.0;
				MTL_ENABLE_DEBUG_INFO = NO;
				SDKROOT = iphoneos;
				SWIFT_OPTIMIZATION_LEVEL = "-Owholemodule";
				TARGETED_DEVICE_FAMILY = "1,2";
				VALIDATE_PRODUCT = YES;
			};
			name = Release;
		};
		84CBC0201ECD1DE500BDEF69 /* Debug */ = {
			isa = XCBuildConfiguration;
			baseConfigurationReference = FED28BCF8DB2DF1A5D83D68B /* Pods-ProyectoServicios.debug.xcconfig */;
			buildSettings = {
				ASSETCATALOG_COMPILER_APPICON_NAME = AppIcon;
				DEVELOPMENT_TEAM = XJY6K7P63P;
				INFOPLIST_FILE = ProyectoServicios/Info.plist;
				LD_RUNPATH_SEARCH_PATHS = "$(inherited) @executable_path/Frameworks";
				PRODUCT_BUNDLE_IDENTIFIER = com.jmejia.ProyectoServicios;
				PRODUCT_NAME = "$(TARGET_NAME)";
				SWIFT_VERSION = 3.0;
			};
			name = Debug;
		};
		84CBC0211ECD1DE500BDEF69 /* Release */ = {
			isa = XCBuildConfiguration;
			baseConfigurationReference = 752BC3F28C0D04D013AD222B /* Pods-ProyectoServicios.release.xcconfig */;
			buildSettings = {
				ASSETCATALOG_COMPILER_APPICON_NAME = AppIcon;
				DEVELOPMENT_TEAM = XJY6K7P63P;
				INFOPLIST_FILE = ProyectoServicios/Info.plist;
				LD_RUNPATH_SEARCH_PATHS = "$(inherited) @executable_path/Frameworks";
				PRODUCT_BUNDLE_IDENTIFIER = com.jmejia.ProyectoServicios;
				PRODUCT_NAME = "$(TARGET_NAME)";
				SWIFT_VERSION = 3.0;
			};
			name = Release;
		};
/* End XCBuildConfiguration section */

/* Begin XCConfigurationList section */
		84CBC0081ECD1DE300BDEF69 /* Build configuration list for PBXProject "ProyectoServicios" */ = {
			isa = XCConfigurationList;
			buildConfigurations = (
				84CBC01D1ECD1DE500BDEF69 /* Debug */,
				84CBC01E1ECD1DE500BDEF69 /* Release */,
			);
			defaultConfigurationIsVisible = 0;
			defaultConfigurationName = Release;
		};
		84CBC01F1ECD1DE500BDEF69 /* Build configuration list for PBXNativeTarget "ProyectoServicios" */ = {
			isa = XCConfigurationList;
			buildConfigurations = (
				84CBC0201ECD1DE500BDEF69 /* Debug */,
				84CBC0211ECD1DE500BDEF69 /* Release */,
			);
			defaultConfigurationIsVisible = 0;
			defaultConfigurationName = Release;
		};
/* End XCConfigurationList section */
	};
	rootObject = 84CBC0051ECD1DE300BDEF69 /* Project object */;
}
