// !$*UTF8*$!
{
	archiveVersion = 1;
	classes = {
	};
	objectVersion = 46;
	objects = {

/* Begin PBXBuildFile section */
		AADCF7501EAAF1BA001044AF /* AppDelegate.swift in Sources */ = {isa = PBXBuildFile; fileRef = AADCF74F1EAAF1BA001044AF /* AppDelegate.swift */; };
		AADCF7521EAAF1BA001044AF /* ViewController.swift in Sources */ = {isa = PBXBuildFile; fileRef = AADCF7511EAAF1BA001044AF /* ViewController.swift */; };
		AADCF7551EAAF1BA001044AF /* Main.storyboard in Resources */ = {isa = PBXBuildFile; fileRef = AADCF7531EAAF1BA001044AF /* Main.storyboard */; };
		AADCF7571EAAF1BA001044AF /* Assets.xcassets in Resources */ = {isa = PBXBuildFile; fileRef = AADCF7561EAAF1BA001044AF /* Assets.xcassets */; };
		AADCF75A1EAAF1BA001044AF /* LaunchScreen.storyboard in Resources */ = {isa = PBXBuildFile; fileRef = AADCF7581EAAF1BA001044AF /* LaunchScreen.storyboard */; };
/* End PBXBuildFile section */

/* Begin PBXFileReference section */
		AADCF74C1EAAF1BA001044AF /* ProyectoTablaDinamica.app */ = {isa = PBXFileReference; explicitFileType = wrapper.application; includeInIndex = 0; path = ProyectoTablaDinamica.app; sourceTree = BUILT_PRODUCTS_DIR; };
		AADCF74F1EAAF1BA001044AF /* AppDelegate.swift */ = {isa = PBXFileReference; lastKnownFileType = sourcecode.swift; path = AppDelegate.swift; sourceTree = "<group>"; };
		AADCF7511EAAF1BA001044AF /* ViewController.swift */ = {isa = PBXFileReference; lastKnownFileType = sourcecode.swift; path = ViewController.swift; sourceTree = "<group>"; };
		AADCF7541EAAF1BA001044AF /* Base */ = {isa = PBXFileReference; lastKnownFileType = file.storyboard; name = Base; path = Base.lproj/Main.storyboard; sourceTree = "<group>"; };
		AADCF7561EAAF1BA001044AF /* Assets.xcassets */ = {isa = PBXFileReference; lastKnownFileType = folder.assetcatalog; path = Assets.xcassets; sourceTree = "<group>"; };
		AADCF7591EAAF1BA001044AF /* Base */ = {isa = PBXFileReference; lastKnownFileType = file.storyboard; name = Base; path = Base.lproj/LaunchScreen.storyboard; sourceTree = "<group>"; };
		AADCF75B1EAAF1BA001044AF /* Info.plist */ = {isa = PBXFileReference; lastKnownFileType = text.plist.xml; path = Info.plist; sourceTree = "<group>"; };
/* End PBXFileReference section */

/* Begin PBXFrameworksBuildPhase section */
		AADCF7491EAAF1BA001044AF /* Frameworks */ = {
			isa = PBXFrameworksBuildPhase;
			buildActionMask = 2147483647;
			files = (
			);
			runOnlyForDeploymentPostprocessing = 0;
		};
/* End PBXFrameworksBuildPhase section */

/* Begin PBXGroup section */
		AADCF7431EAAF1BA001044AF = {
			isa = PBXGroup;
			children = (
				AADCF74E1EAAF1BA001044AF /* ProyectoTablaDinamica */,
				AADCF74D1EAAF1BA001044AF /* Products */,
			);
			sourceTree = "<group>";
		};
		AADCF74D1EAAF1BA001044AF /* Products */ = {
			isa = PBXGroup;
			children = (
				AADCF74C1EAAF1BA001044AF /* ProyectoTablaDinamica.app */,
			);
			name = Products;
			sourceTree = "<group>";
		};
		AADCF74E1EAAF1BA001044AF /* ProyectoTablaDinamica */ = {
			isa = PBXGroup;
			children = (
				AADCF74F1EAAF1BA001044AF /* AppDelegate.swift */,
				AADCF7511EAAF1BA001044AF /* ViewController.swift */,
				AADCF7531EAAF1BA001044AF /* Main.storyboard */,
				AADCF7561EAAF1BA001044AF /* Assets.xcassets */,
				AADCF7581EAAF1BA001044AF /* LaunchScreen.storyboard */,
				AADCF75B1EAAF1BA001044AF /* Info.plist */,
			);
			path = ProyectoTablaDinamica;
			sourceTree = "<group>";
		};
/* End PBXGroup section */

/* Begin PBXNativeTarget section */
		AADCF74B1EAAF1BA001044AF /* ProyectoTablaDinamica */ = {
			isa = PBXNativeTarget;
			buildConfigurationList = AADCF75E1EAAF1BA001044AF /* Build configuration list for PBXNativeTarget "ProyectoTablaDinamica" */;
			buildPhases = (
				AADCF7481EAAF1BA001044AF /* Sources */,
				AADCF7491EAAF1BA001044AF /* Frameworks */,
				AADCF74A1EAAF1BA001044AF /* Resources */,
			);
			buildRules = (
			);
			dependencies = (
			);
			name = ProyectoTablaDinamica;
			productName = ProyectoTablaDinamica;
			productReference = AADCF74C1EAAF1BA001044AF /* ProyectoTablaDinamica.app */;
			productType = "com.apple.product-type.application";
		};
/* End PBXNativeTarget section */

/* Begin PBXProject section */
		AADCF7441EAAF1BA001044AF /* Project object */ = {
			isa = PBXProject;
			attributes = {
				LastSwiftUpdateCheck = 0830;
				LastUpgradeCheck = 0830;
				ORGANIZATIONNAME = "David Velarde";
				TargetAttributes = {
					AADCF74B1EAAF1BA001044AF = {
						CreatedOnToolsVersion = 8.3.1;
						DevelopmentTeam = XJY6K7P63P;
						ProvisioningStyle = Automatic;
					};
				};
			};
			buildConfigurationList = AADCF7471EAAF1BA001044AF /* Build configuration list for PBXProject "ProyectoTablaDinamica" */;
			compatibilityVersion = "Xcode 3.2";
			developmentRegion = English;
			hasScannedForEncodings = 0;
			knownRegions = (
				en,
				Base,
			);
			mainGroup = AADCF7431EAAF1BA001044AF;
			productRefGroup = AADCF74D1EAAF1BA001044AF /* Products */;
			projectDirPath = "";
			projectRoot = "";
			targets = (
				AADCF74B1EAAF1BA001044AF /* ProyectoTablaDinamica */,
			);
		};
/* End PBXProject section */

/* Begin PBXResourcesBuildPhase section */
		AADCF74A1EAAF1BA001044AF /* Resources */ = {
			isa = PBXResourcesBuildPhase;
			buildActionMask = 2147483647;
			files = (
				AADCF75A1EAAF1BA001044AF /* LaunchScreen.storyboard in Resources */,
				AADCF7571EAAF1BA001044AF /* Assets.xcassets in Resources */,
				AADCF7551EAAF1BA001044AF /* Main.storyboard in Resources */,
			);
			runOnlyForDeploymentPostprocessing = 0;
		};
/* End PBXResourcesBuildPhase section */

/* Begin PBXSourcesBuildPhase section */
		AADCF7481EAAF1BA001044AF /* Sources */ = {
			isa = PBXSourcesBuildPhase;
			buildActionMask = 2147483647;
			files = (
				AADCF7521EAAF1BA001044AF /* ViewController.swift in Sources */,
				AADCF7501EAAF1BA001044AF /* AppDelegate.swift in Sources */,
			);
			runOnlyForDeploymentPostprocessing = 0;
		};
/* End PBXSourcesBuildPhase section */

/* Begin PBXVariantGroup section */
		AADCF7531EAAF1BA001044AF /* Main.storyboard */ = {
			isa = PBXVariantGroup;
			children = (
				AADCF7541EAAF1BA001044AF /* Base */,
			);
			name = Main.storyboard;
			sourceTree = "<group>";
		};
		AADCF7581EAAF1BA001044AF /* LaunchScreen.storyboard */ = {
			isa = PBXVariantGroup;
			children = (
				AADCF7591EAAF1BA001044AF /* Base */,
			);
			name = LaunchScreen.storyboard;
			sourceTree = "<group>";
		};
/* End PBXVariantGroup section */

/* Begin XCBuildConfiguration section */
		AADCF75C1EAAF1BA001044AF /* Debug */ = {
			isa = XCBuildConfiguration;
			buildSettings = {
				ALWAYS_SEARCH_USER_PATHS = NO;
				CLANG_ANALYZER_NONNULL = YES;
				CLANG_ANALYZER_NUMBER_OBJECT_CONVERSION = YES_AGGRESSIVE;
				CLANG_CXX_LANGUAGE_STANDARD = "gnu++0x";
				CLANG_CXX_LIBRARY = "libc++";
				CLANG_ENABLE_MODULES = YES;
				CLANG_ENABLE_OBJC_ARC = YES;
				CLANG_WARN_BOOL_CONVERSION = YES;
				CLANG_WARN_CONSTANT_CONVERSION = YES;
				CLANG_WARN_DIRECT_OBJC_ISA_USAGE = YES_ERROR;
				CLANG_WARN_DOCUMENTATION_COMMENTS = YES;
				CLANG_WARN_EMPTY_BODY = YES;
				CLANG_WARN_ENUM_CONVERSION = YES;
				CLANG_WARN_INFINITE_RECURSION = YES;
				CLANG_WARN_INT_CONVERSION = YES;
				CLANG_WARN_OBJC_ROOT_CLASS = YES_ERROR;
				CLANG_WARN_SUSPICIOUS_MOVE = YES;
				CLANG_WARN_UNREACHABLE_CODE = YES;
				CLANG_WARN__DUPLICATE_METHOD_MATCH = YES;
				"CODE_SIGN_IDENTITY[sdk=iphoneos*]" = "iPhone Developer";
				COPY_PHASE_STRIP = NO;
				DEBUG_INFORMATION_FORMAT = dwarf;
				ENABLE_STRICT_OBJC_MSGSEND = YES;
				ENABLE_TESTABILITY = YES;
				GCC_C_LANGUAGE_STANDARD = gnu99;
				GCC_DYNAMIC_NO_PIC = NO;
				GCC_NO_COMMON_BLOCKS = YES;
				GCC_OPTIMIZATION_LEVEL = 0;
				GCC_PREPROCESSOR_DEFINITIONS = (
					"DEBUG=1",
					"$(inherited)",
				);
				GCC_WARN_64_TO_32_BIT_CONVERSION = YES;
				GCC_WARN_ABOUT_RETURN_TYPE = YES_ERROR;
				GCC_WARN_UNDECLARED_SELECTOR = YES;
				GCC_WARN_UNINITIALIZED_AUTOS = YES_AGGRESSIVE;
				GCC_WARN_UNUSED_FUNCTION = YES;
				GCC_WARN_UNUSED_VARIABLE = YES;
				IPHONEOS_DEPLOYMENT_TARGET = 10.3;
				MTL_ENABLE_DEBUG_INFO = YES;
				ONLY_ACTIVE_ARCH = YES;
				SDKROOT = iphoneos;
				SWIFT_ACTIVE_COMPILATION_CONDITIONS = DEBUG;
				SWIFT_OPTIMIZATION_LEVEL = "-Onone";
			};
			name = Debug;
		};
		AADCF75D1EAAF1BA001044AF /* Release */ = {
			isa = XCBuildConfiguration;
			buildSettings = {
				ALWAYS_SEARCH_USER_PATHS = NO;
				CLANG_ANALYZER_NONNULL = YES;
				CLANG_ANALYZER_NUMBER_OBJECT_CONVERSION = YES_AGGRESSIVE;
				CLANG_CXX_LANGUAGE_STANDARD = "gnu++0x";
				CLANG_CXX_LIBRARY = "libc++";
				CLANG_ENABLE_MODULES = YES;
				CLANG_ENABLE_OBJC_ARC = YES;
				CLANG_WARN_BOOL_CONVERSION = YES;
				CLANG_WARN_CONSTANT_CONVERSION = YES;
				CLANG_WARN_DIRECT_OBJC_ISA_USAGE = YES_ERROR;
				CLANG_WARN_DOCUMENTATION_COMMENTS = YES;
				CLANG_WARN_EMPTY_BODY = YES;
				CLANG_WARN_ENUM_CONVERSION = YES;
				CLANG_WARN_INFINITE_RECURSION = YES;
				CLANG_WARN_INT_CONVERSION = YES;
				CLANG_WARN_OBJC_ROOT_CLASS = YES_ERROR;
				CLANG_WARN_SUSPICIOUS_MOVE = YES;
				CLANG_WARN_UNREACHABLE_CODE = YES;
				CLANG_WARN__DUPLICATE_METHOD_MATCH = YES;
				"CODE_SIGN_IDENTITY[sdk=iphoneos*]" = "iPhone Developer";
				COPY_PHASE_STRIP = NO;
				DEBUG_INFORMATION_FORMAT = "dwarf-with-dsym";
				ENABLE_NS_ASSERTIONS = NO;
				ENABLE_STRICT_OBJC_MSGSEND = YES;
				GCC_C_LANGUAGE_STANDARD = gnu99;
				GCC_NO_COMMON_BLOCKS = YES;
				GCC_WARN_64_TO_32_BIT_CONVERSION = YES;
				GCC_WARN_ABOUT_RETURN_TYPE = YES_ERROR;
				GCC_WARN_UNDECLARED_SELECTOR = YES;
				GCC_WARN_UNINITIALIZED_AUTOS = YES_AGGRESSIVE;
				GCC_WARN_UNUSED_FUNCTION = YES;
				GCC_WARN_UNUSED_VARIABLE = YES;
				IPHONEOS_DEPLOYMENT_TARGET = 10.3;
				MTL_ENABLE_DEBUG_INFO = NO;
				SDKROOT = iphoneos;
				SWIFT_OPTIMIZATION_LEVEL = "-Owholemodule";
				VALIDATE_PRODUCT = YES;
			};
			name = Release;
		};
		AADCF75F1EAAF1BA001044AF /* Debug */ = {
			isa = XCBuildConfiguration;
			buildSettings = {
				ASSETCATALOG_COMPILER_APPICON_NAME = AppIcon;
				DEVELOPMENT_TEAM = XJY6K7P63P;
				INFOPLIST_FILE = ProyectoTablaDinamica/Info.plist;
				LD_RUNPATH_SEARCH_PATHS = "$(inherited) @executable_path/Frameworks";
				PRODUCT_BUNDLE_IDENTIFIER = com.davidvpe.ProyectoTablaDinamica;
				PRODUCT_NAME = "$(TARGET_NAME)";
				SWIFT_VERSION = 3.0;
			};
			name = Debug;
		};
		AADCF7601EAAF1BA001044AF /* Release */ = {
			isa = XCBuildConfiguration;
			buildSettings = {
				ASSETCATALOG_COMPILER_APPICON_NAME = AppIcon;
				DEVELOPMENT_TEAM = XJY6K7P63P;
				INFOPLIST_FILE = ProyectoTablaDinamica/Info.plist;
				LD_RUNPATH_SEARCH_PATHS = "$(inherited) @executable_path/Frameworks";
				PRODUCT_BUNDLE_IDENTIFIER = com.davidvpe.ProyectoTablaDinamica;
				PRODUCT_NAME = "$(TARGET_NAME)";
				SWIFT_VERSION = 3.0;
			};
			name = Release;
		};
/* End XCBuildConfiguration section */

/* Begin XCConfigurationList section */
		AADCF7471EAAF1BA001044AF /* Build configuration list for PBXProject "ProyectoTablaDinamica" */ = {
			isa = XCConfigurationList;
			buildConfigurations = (
				AADCF75C1EAAF1BA001044AF /* Debug */,
				AADCF75D1EAAF1BA001044AF /* Release */,
			);
			defaultConfigurationIsVisible = 0;
			defaultConfigurationName = Release;
		};
		AADCF75E1EAAF1BA001044AF /* Build configuration list for PBXNativeTarget "ProyectoTablaDinamica" */ = {
			isa = XCConfigurationList;
			buildConfigurations = (
				AADCF75F1EAAF1BA001044AF /* Debug */,
				AADCF7601EAAF1BA001044AF /* Release */,
			);
			defaultConfigurationIsVisible = 0;
		};
/* End XCConfigurationList section */
	};
	rootObject = AADCF7441EAAF1BA001044AF /* Project object */;
}
